
Microsoft Visual Studio Solution File, Format Version 12.00
# Visual Studio Version 16
VisualStudioVersion = 16.0.29123.88
MinimumVisualStudioVersion = 10.0.40219.1
Project("{9A19103F-16F7-4668-BE54-9A1E7A4F7556}") = "Tasks-AvoidAsyncVoid", "src\Tasks-AvoidAsyncVoid\Tasks-AvoidAsyncVoid.csproj", "{A9F72062-69CF-44BE-BE9F-E808A1B7413F}"
EndProject
Project("{2150E333-8FDC-42A3-9474-1A3956D46DE8}") = "src", "src", "{1C2DA715-5218-42D2-95A1-BA2776A4A14B}"
EndProject
Project("{FAE04EC0-301F-11D3-BF4B-00C04F79EFBC}") = "Tasks-AvoidResultAndWait", "src\Tasks-AvoidResultAndWait\Tasks-AvoidResultAndWait.csproj", "{107646B1-2965-4E03-96F3-E1B9FD3E5F2A}"
EndProject
Project("{FAE04EC0-301F-11D3-BF4B-00C04F79EFBC}") = "Task-Examples", "src\Task-Examples\Task-Examples.csproj", "{ECAF8FE6-525F-4C4B-BAEE-A489C91064C7}"
EndProject
Project("{9A19103F-16F7-4668-BE54-9A1E7A4F7556}") = "Thead-Desafio-Novo", "src\Thead-Desafio-Novo\Thead-Desafio-Novo.csproj", "{E5B509A0-8F48-4F2C-87E4-741F85E4A51F}"
EndProject
Global
	GlobalSection(SolutionConfigurationPlatforms) = preSolution
		Debug|Any CPU = Debug|Any CPU
		Release|Any CPU = Release|Any CPU
	EndGlobalSection
	GlobalSection(ProjectConfigurationPlatforms) = postSolution
		{A9F72062-69CF-44BE-BE9F-E808A1B7413F}.Debug|Any CPU.ActiveCfg = Debug|Any CPU
		{A9F72062-69CF-44BE-BE9F-E808A1B7413F}.Debug|Any CPU.Build.0 = Debug|Any CPU
		{A9F72062-69CF-44BE-BE9F-E808A1B7413F}.Release|Any CPU.ActiveCfg = Release|Any CPU
		{A9F72062-69CF-44BE-BE9F-E808A1B7413F}.Release|Any CPU.Build.0 = Release|Any CPU
		{107646B1-2965-4E03-96F3-E1B9FD3E5F2A}.Debug|Any CPU.ActiveCfg = Debug|Any CPU
		{107646B1-2965-4E03-96F3-E1B9FD3E5F2A}.Debug|Any CPU.Build.0 = Debug|Any CPU
		{107646B1-2965-4E03-96F3-E1B9FD3E5F2A}.Release|Any CPU.ActiveCfg = Release|Any CPU
		{107646B1-2965-4E03-96F3-E1B9FD3E5F2A}.Release|Any CPU.Build.0 = Release|Any CPU
		{ECAF8FE6-525F-4C4B-BAEE-A489C91064C7}.Debug|Any CPU.ActiveCfg = Debug|Any CPU
		{ECAF8FE6-525F-4C4B-BAEE-A489C91064C7}.Debug|Any CPU.Build.0 = Debug|Any CPU
		{ECAF8FE6-525F-4C4B-BAEE-A489C91064C7}.Release|Any CPU.ActiveCfg = Release|Any CPU
		{ECAF8FE6-525F-4C4B-BAEE-A489C91064C7}.Release|Any CPU.Build.0 = Release|Any CPU
		{E5B509A0-8F48-4F2C-87E4-741F85E4A51F}.Debug|Any CPU.ActiveCfg = Debug|Any CPU
		{E5B509A0-8F48-4F2C-87E4-741F85E4A51F}.Debug|Any CPU.Build.0 = Debug|Any CPU
		{E5B509A0-8F48-4F2C-87E4-741F85E4A51F}.Release|Any CPU.ActiveCfg = Release|Any CPU
		{E5B509A0-8F48-4F2C-87E4-741F85E4A51F}.Release|Any CPU.Build.0 = Release|Any CPU
	EndGlobalSection
	GlobalSection(SolutionProperties) = preSolution
		HideSolutionNode = FALSE
	EndGlobalSection
	GlobalSection(NestedProjects) = preSolution
		{A9F72062-69CF-44BE-BE9F-E808A1B7413F} = {1C2DA715-5218-42D2-95A1-BA2776A4A14B}
		{107646B1-2965-4E03-96F3-E1B9FD3E5F2A} = {1C2DA715-5218-42D2-95A1-BA2776A4A14B}
		{ECAF8FE6-525F-4C4B-BAEE-A489C91064C7} = {1C2DA715-5218-42D2-95A1-BA2776A4A14B}
		{E5B509A0-8F48-4F2C-87E4-741F85E4A51F} = {1C2DA715-5218-42D2-95A1-BA2776A4A14B}
	EndGlobalSection
	GlobalSection(ExtensibilityGlobals) = postSolution
		SolutionGuid = {87417133-52FC-45CA-9A33-3D8936DF713C}
	EndGlobalSection
EndGlobal
