
Microsoft Visual Studio Solution File, Format Version 12.00
# Visual Studio 15
VisualStudioVersion = 15.0.26124.0
MinimumVisualStudioVersion = 15.0.26124.0
Project("{FAE04EC0-301F-11D3-BF4B-00C04F79EFBC}") = "delegate_underlying_concepts", "src\delegate_underlying_concepts\delegate_underlying_concepts.csproj", "{CE067D74-8F8D-4E8C-9D52-73451BF844BE}"
EndProject
Project("{FAE04EC0-301F-11D3-BF4B-00C04F79EFBC}") = "delegate_from_scratch", "src\delegate_from_scratch\delegate_from_scratch.csproj", "{D07A251D-8FC6-4322-A7A0-AE2DD54B813E}"
EndProject

Global
	GlobalSection(SolutionConfigurationPlatforms) = preSolution
		Debug|Any CPU = Debug|Any CPU
		Debug|x64 = Debug|x64
		Debug|x86 = Debug|x86
		Release|Any CPU = Release|Any CPU
		Release|x64 = Release|x64
		Release|x86 = Release|x86
	EndGlobalSection
	GlobalSection(SolutionProperties) = preSolution
		HideSolutionNode = FALSE
	EndGlobalSection
	GlobalSection(ProjectConfigurationPlatforms) = postSolution
		{CE067D74-8F8D-4E8C-9D52-73451BF844BE}.Debug|Any CPU.ActiveCfg = Debug|Any CPU
		{CE067D74-8F8D-4E8C-9D52-73451BF844BE}.Debug|Any CPU.Build.0 = Debug|Any CPU
		{CE067D74-8F8D-4E8C-9D52-73451BF844BE}.Debug|x64.ActiveCfg = Debug|Any CPU
		{CE067D74-8F8D-4E8C-9D52-73451BF844BE}.Debug|x64.Build.0 = Debug|Any CPU
		{CE067D74-8F8D-4E8C-9D52-73451BF844BE}.Debug|x86.ActiveCfg = Debug|Any CPU
		{CE067D74-8F8D-4E8C-9D52-73451BF844BE}.Debug|x86.Build.0 = Debug|Any CPU
		{CE067D74-8F8D-4E8C-9D52-73451BF844BE}.Release|Any CPU.ActiveCfg = Release|Any CPU
		{CE067D74-8F8D-4E8C-9D52-73451BF844BE}.Release|Any CPU.Build.0 = Release|Any CPU
		{CE067D74-8F8D-4E8C-9D52-73451BF844BE}.Release|x64.ActiveCfg = Release|Any CPU
		{CE067D74-8F8D-4E8C-9D52-73451BF844BE}.Release|x64.Build.0 = Release|Any CPU
		{CE067D74-8F8D-4E8C-9D52-73451BF844BE}.Release|x86.ActiveCfg = Release|Any CPU
		{CE067D74-8F8D-4E8C-9D52-73451BF844BE}.Release|x86.Build.0 = Release|Any CPU
		{D07A251D-8FC6-4322-A7A0-AE2DD54B813E}.Debug|Any CPU.ActiveCfg = Debug|Any CPU
		{D07A251D-8FC6-4322-A7A0-AE2DD54B813E}.Debug|Any CPU.Build.0 = Debug|Any CPU
		{D07A251D-8FC6-4322-A7A0-AE2DD54B813E}.Debug|x64.ActiveCfg = Debug|Any CPU
		{D07A251D-8FC6-4322-A7A0-AE2DD54B813E}.Debug|x64.Build.0 = Debug|Any CPU
		{D07A251D-8FC6-4322-A7A0-AE2DD54B813E}.Debug|x86.ActiveCfg = Debug|Any CPU
		{D07A251D-8FC6-4322-A7A0-AE2DD54B813E}.Debug|x86.Build.0 = Debug|Any CPU
		{D07A251D-8FC6-4322-A7A0-AE2DD54B813E}.Release|Any CPU.ActiveCfg = Release|Any CPU
		{D07A251D-8FC6-4322-A7A0-AE2DD54B813E}.Release|Any CPU.Build.0 = Release|Any CPU
		{D07A251D-8FC6-4322-A7A0-AE2DD54B813E}.Release|x64.ActiveCfg = Release|Any CPU
		{D07A251D-8FC6-4322-A7A0-AE2DD54B813E}.Release|x64.Build.0 = Release|Any CPU
		{D07A251D-8FC6-4322-A7A0-AE2DD54B813E}.Release|x86.ActiveCfg = Release|Any CPU
		{D07A251D-8FC6-4322-A7A0-AE2DD54B813E}.Release|x86.Build.0 = Release|Any CPU
		{42068518-6421-4688-B568-87084CCB4FF7}.Debug|Any CPU.ActiveCfg = Debug|Any CPU
		{42068518-6421-4688-B568-87084CCB4FF7}.Debug|Any CPU.Build.0 = Debug|Any CPU
		{42068518-6421-4688-B568-87084CCB4FF7}.Debug|x64.ActiveCfg = Debug|Any CPU
		{42068518-6421-4688-B568-87084CCB4FF7}.Debug|x64.Build.0 = Debug|Any CPU
		{42068518-6421-4688-B568-87084CCB4FF7}.Debug|x86.ActiveCfg = Debug|Any CPU
		{42068518-6421-4688-B568-87084CCB4FF7}.Debug|x86.Build.0 = Debug|Any CPU
		{42068518-6421-4688-B568-87084CCB4FF7}.Release|Any CPU.ActiveCfg = Release|Any CPU
		{42068518-6421-4688-B568-87084CCB4FF7}.Release|Any CPU.Build.0 = Release|Any CPU
		{42068518-6421-4688-B568-87084CCB4FF7}.Release|x64.ActiveCfg = Release|Any CPU
		{42068518-6421-4688-B568-87084CCB4FF7}.Release|x64.Build.0 = Release|Any CPU
		{42068518-6421-4688-B568-87084CCB4FF7}.Release|x86.ActiveCfg = Release|Any CPU
		{42068518-6421-4688-B568-87084CCB4FF7}.Release|x86.Build.0 = Release|Any CPU
	EndGlobalSection
EndGlobal
